
Microsoft Visual Studio Solution File, Format Version 12.00
# Visual Studio Version 16
VisualStudioVersion = 16.0.30011.22
MinimumVisualStudioVersion = 10.0.40219.1
Project("{FAE04EC0-301F-11D3-BF4B-00C04F79EFBC}") = "WebApplication_pRACTICE", "WebApplication_pRACTICE\WebApplication_pRACTICE.csproj", "{4E17E7D4-B7AC-4921-B279-F920EC30FB84}"
EndProject
Project("{FAE04EC0-301F-11D3-BF4B-00C04F79EFBC}") = "BusinessLayer", "BusinessLayer\BusinessLayer.csproj", "{1A1653EE-4075-4776-AABF-9D227E1ACB84}"
EndProject
Project("{FAE04EC0-301F-11D3-BF4B-00C04F79EFBC}") = "DataAcessLayer", "DataAcessLayer\DataAcessLayer.csproj", "{419F119C-DAF3-46AE-9F50-B088F2B83C87}"
EndProject
Global
	GlobalSection(SolutionConfigurationPlatforms) = preSolution
		Debug|Any CPU = Debug|Any CPU
		Release|Any CPU = Release|Any CPU
	EndGlobalSection
	GlobalSection(ProjectConfigurationPlatforms) = postSolution
		{4E17E7D4-B7AC-4921-B279-F920EC30FB84}.Debug|Any CPU.ActiveCfg = Debug|Any CPU
		{4E17E7D4-B7AC-4921-B279-F920EC30FB84}.Debug|Any CPU.Build.0 = Debug|Any CPU
		{4E17E7D4-B7AC-4921-B279-F920EC30FB84}.Release|Any CPU.ActiveCfg = Release|Any CPU
		{4E17E7D4-B7AC-4921-B279-F920EC30FB84}.Release|Any CPU.Build.0 = Release|Any CPU
		{1A1653EE-4075-4776-AABF-9D227E1ACB84}.Debug|Any CPU.ActiveCfg = Debug|Any CPU
		{1A1653EE-4075-4776-AABF-9D227E1ACB84}.Debug|Any CPU.Build.0 = Debug|Any CPU
		{1A1653EE-4075-4776-AABF-9D227E1ACB84}.Release|Any CPU.ActiveCfg = Release|Any CPU
		{1A1653EE-4075-4776-AABF-9D227E1ACB84}.Release|Any CPU.Build.0 = Release|Any CPU
		{419F119C-DAF3-46AE-9F50-B088F2B83C87}.Debug|Any CPU.ActiveCfg = Debug|Any CPU
		{419F119C-DAF3-46AE-9F50-B088F2B83C87}.Debug|Any CPU.Build.0 = Debug|Any CPU
		{419F119C-DAF3-46AE-9F50-B088F2B83C87}.Release|Any CPU.ActiveCfg = Release|Any CPU
		{419F119C-DAF3-46AE-9F50-B088F2B83C87}.Release|Any CPU.Build.0 = Release|Any CPU
	EndGlobalSection
	GlobalSection(SolutionProperties) = preSolution
		HideSolutionNode = FALSE
	EndGlobalSection
	GlobalSection(ExtensibilityGlobals) = postSolution
		SolutionGuid = {C08D918F-9EF9-4EF8-BA8A-68BEE1D378FE}
	EndGlobalSection
EndGlobal
